// !$*UTF8*$!
{
	archiveVersion = 1;
	classes = {
	};
	objectVersion = 46;
	objects = {

/* Begin PBXBuildFile section */
		48F8C9C78E0445978FDC3136 /* libPods.a in Frameworks */ = {isa = PBXBuildFile; fileRef = 3C03AF35F19A4D9BA51DE861 /* libPods.a */; };
		4D165BFD171F3B530046AE63 /* PlayerControlsController.m in Sources */ = {isa = PBXBuildFile; fileRef = 4D165BFB171F3B530046AE63 /* PlayerControlsController.m */; };
		4D203954172ACF5D00F9D0C7 /* KartinaPreferencesViewController.m in Sources */ = {isa = PBXBuildFile; fileRef = 4D203952172ACF5D00F9D0C7 /* KartinaPreferencesViewController.m */; };
		4D20395A172B064B00F9D0C7 /* Sparkle.framework in Frameworks */ = {isa = PBXBuildFile; fileRef = 4D203959172B064B00F9D0C7 /* Sparkle.framework */; };
		4D20395B172B066900F9D0C7 /* Sparkle.framework in CopyFiles */ = {isa = PBXBuildFile; fileRef = 4D203959172B064B00F9D0C7 /* Sparkle.framework */; };
		4D4283AC16EB5BBE0058BE42 /* Cocoa.framework in Frameworks */ = {isa = PBXBuildFile; fileRef = 4D4283AB16EB5BBE0058BE42 /* Cocoa.framework */; };
		4D4283B616EB5BBE0058BE42 /* InfoPlist.strings in Resources */ = {isa = PBXBuildFile; fileRef = 4D4283B416EB5BBE0058BE42 /* InfoPlist.strings */; };
		4D4283B816EB5BBE0058BE42 /* main.m in Sources */ = {isa = PBXBuildFile; fileRef = 4D4283B716EB5BBE0058BE42 /* main.m */; };
		4D4283BC16EB5BBE0058BE42 /* Credits.rtf in Resources */ = {isa = PBXBuildFile; fileRef = 4D4283BA16EB5BBE0058BE42 /* Credits.rtf */; };
		4D4283BF16EB5BBE0058BE42 /* AppDelegate.m in Sources */ = {isa = PBXBuildFile; fileRef = 4D4283BE16EB5BBE0058BE42 /* AppDelegate.m */; };
		4D4283C216EB5BBE0058BE42 /* MainMenu.xib in Resources */ = {isa = PBXBuildFile; fileRef = 4D4283C016EB5BBE0058BE42 /* MainMenu.xib */; };
		4D4283C516EB5BBF0058BE42 /* KartinaX_TV.xcdatamodeld in Sources */ = {isa = PBXBuildFile; fileRef = 4D4283C316EB5BBF0058BE42 /* KartinaX_TV.xcdatamodeld */; };
		4D4283CE16EB5BDE0058BE42 /* CoreMedia.framework in Frameworks */ = {isa = PBXBuildFile; fileRef = 4D4283CD16EB5BDE0058BE42 /* CoreMedia.framework */; };
		4D4283D916EB5D080058BE42 /* PlayerView.m in Sources */ = {isa = PBXBuildFile; fileRef = 4D4283D816EB5D080058BE42 /* PlayerView.m */; };
		4D4283E016EBD6250058BE42 /* QuartzCore.framework in Frameworks */ = {isa = PBXBuildFile; fileRef = 4D4283DF16EBD6250058BE42 /* QuartzCore.framework */; };
		4D4283E716EBF8FA0058BE42 /* Channel.m in Sources */ = {isa = PBXBuildFile; fileRef = 4D4283E616EBF8FA0058BE42 /* Channel.m */; };
		4D663FAC171C754F008FB3AD /* EPGDataItem.m in Sources */ = {isa = PBXBuildFile; fileRef = 4D663FAB171C754F008FB3AD /* EPGDataItem.m */; };
		4D71AD64175512EF009ADC34 /* EPGWindowController.m in Sources */ = {isa = PBXBuildFile; fileRef = 4D71AD62175512EF009ADC34 /* EPGWindowController.m */; };
		4D71AD6D17553B3E009ADC34 /* INAppStoreWindow.m in Sources */ = {isa = PBXBuildFile; fileRef = 4D71AD6A17553B3E009ADC34 /* INAppStoreWindow.m */; };
		4D71AD6E17553B3E009ADC34 /* INWindowButton.m in Sources */ = {isa = PBXBuildFile; fileRef = 4D71AD6C17553B3E009ADC34 /* INWindowButton.m */; };
		4D71AD6F17553CF9009ADC34 /* EPGWindowController.xib in Resources */ = {isa = PBXBuildFile; fileRef = 4D71AD7117553CF9009ADC34 /* EPGWindowController.xib */; };
		4D98041C17578FC200165B4C /* EPGProgrammViewController.m in Sources */ = {isa = PBXBuildFile; fileRef = 4D98041A17578FC200165B4C /* EPGProgrammViewController.m */; };
		4D9804211757900100165B4C /* EPGVideothekViewController.m in Sources */ = {isa = PBXBuildFile; fileRef = 4D98041F1757900100165B4C /* EPGVideothekViewController.m */; };
		4D9804231757A52B00165B4C /* EPGProgrammViewController.xib in Resources */ = {isa = PBXBuildFile; fileRef = 4D9804251757A52B00165B4C /* EPGProgrammViewController.xib */; };
		4DBD0771172DA51700CE96DD /* dsa_pub.pem in Resources */ = {isa = PBXBuildFile; fileRef = 4DBD0770172DA51700CE96DD /* dsa_pub.pem */; };
		4DBD0775172ED2F300CE96DD /* UpdatePreferencesViewController.m in Sources */ = {isa = PBXBuildFile; fileRef = 4DBD0773172ED2F300CE96DD /* UpdatePreferencesViewController.m */; };
		4DBD0778172ED55B00CE96DD /* UpdateSettings.png in Resources */ = {isa = PBXBuildFile; fileRef = 4DBD0777172ED55B00CE96DD /* UpdateSettings.png */; };
		4DBD077F17355FAE00CE96DD /* UpdatePreferencesViewController.xib in Resources */ = {isa = PBXBuildFile; fileRef = 4DBD078117355FAE00CE96DD /* UpdatePreferencesViewController.xib */; };
		4DBD078517355FD300CE96DD /* PlayerControlsController.xib in Resources */ = {isa = PBXBuildFile; fileRef = 4DBD078717355FD300CE96DD /* PlayerControlsController.xib */; };
		4DBF901D172B388F00F4214B /* todo.txt in Resources */ = {isa = PBXBuildFile; fileRef = 4DBF901C172B388F00F4214B /* todo.txt */; };
		4DBF901F172BF05700F4214B /* App.iconset in Resources */ = {isa = PBXBuildFile; fileRef = 4DBF901E172BF05700F4214B /* App.iconset */; };
		4DD5956F175A59A00020FE1C /* ShowPreview.xib in Resources */ = {isa = PBXBuildFile; fileRef = 4DD5956E175A59A00020FE1C /* ShowPreview.xib */; };
		4DD59571175A645D0020FE1C /* TVShow.png in Resources */ = {isa = PBXBuildFile; fileRef = 4DD59570175A645D0020FE1C /* TVShow.png */; };
		4DD59573175A748D0020FE1C /* TVShowGreen.png in Resources */ = {isa = PBXBuildFile; fileRef = 4DD59572175A748D0020FE1C /* TVShowGreen.png */; };
		4DD59575175A7A6D0020FE1C /* GlobalSettings.png in Resources */ = {isa = PBXBuildFile; fileRef = 4DD59574175A7A6D0020FE1C /* GlobalSettings.png */; };
		4DD59579175A7AD80020FE1C /* GlobalPreferencesViewController.m in Sources */ = {isa = PBXBuildFile; fileRef = 4DD59577175A7AD80020FE1C /* GlobalPreferencesViewController.m */; };
		4DD5957A175A7AD80020FE1C /* GlobalPreferencesViewController.xib in Resources */ = {isa = PBXBuildFile; fileRef = 4DD59578175A7AD80020FE1C /* GlobalPreferencesViewController.xib */; };
		4DD59587175B4CFF0020FE1C /* AGScopeBar.m in Sources */ = {isa = PBXBuildFile; fileRef = 4DD59586175B4CFF0020FE1C /* AGScopeBar.m */; };
		4DD59589175BD5F70020FE1C /* VODItemDetails.xib in Resources */ = {isa = PBXBuildFile; fileRef = 4DD59588175BD5F70020FE1C /* VODItemDetails.xib */; };
		4DD5958A175E766F0020FE1C /* EPGVideothekViewController.xib in Resources */ = {isa = PBXBuildFile; fileRef = 4DD5958C175E766F0020FE1C /* EPGVideothekViewController.xib */; };
		4DD5958E175FC0B90020FE1C /* VLCKit.framework in Frameworks */ = {isa = PBXBuildFile; fileRef = 4DD5958D175FC0B90020FE1C /* VLCKit.framework */; };
		4DD5958F175FC0D90020FE1C /* VLCKit.framework in CopyFiles */ = {isa = PBXBuildFile; fileRef = 4DD5958D175FC0B90020FE1C /* VLCKit.framework */; };
		4DF2404F174BE93D0029241C /* KartinaSettings.png in Resources */ = {isa = PBXBuildFile; fileRef = 4DF2404E174BE93D0029241C /* KartinaSettings.png */; };
		4DF2405417525E050029241C /* KartinaPreferencesViewController.xib in Resources */ = {isa = PBXBuildFile; fileRef = 4DF2405617525E050029241C /* KartinaPreferencesViewController.xib */; };
		4DF2405E17526C320029241C /* PlayerPlay.png in Resources */ = {isa = PBXBuildFile; fileRef = 4DF2405D17526C320029241C /* PlayerPlay.png */; };
		4DF24060175279100029241C /* PlayerPause.png in Resources */ = {isa = PBXBuildFile; fileRef = 4DF2405F175279100029241C /* PlayerPause.png */; };
		4DF2406217527A040029241C /* PlayerEPG.png in Resources */ = {isa = PBXBuildFile; fileRef = 4DF2406117527A040029241C /* PlayerEPG.png */; };
		4DF24066175285000029241C /* PlayerEPG@2x.png in Resources */ = {isa = PBXBuildFile; fileRef = 4DF24063175285000029241C /* PlayerEPG@2x.png */; };
		4DF24067175285000029241C /* PlayerPause@2x.png in Resources */ = {isa = PBXBuildFile; fileRef = 4DF24064175285000029241C /* PlayerPause@2x.png */; };
		4DF24068175285000029241C /* PlayerPlay@2x.png in Resources */ = {isa = PBXBuildFile; fileRef = 4DF24065175285000029241C /* PlayerPlay@2x.png */; };
		4DF54E29173FAC230076CE95 /* Localizable.strings in Resources */ = {isa = PBXBuildFile; fileRef = 4DF54E2B173FAC240076CE95 /* Localizable.strings */; };
		D9E072EC137FF1CCA9DB9924 /* EPGData.m in Sources */ = {isa = PBXBuildFile; fileRef = D9E93876EB417C90657F8AFA /* EPGData.m */; };
		D9E0A477292D186A764FA139 /* ChannelGroup.m in Sources */ = {isa = PBXBuildFile; fileRef = D9E2215F968F7F3175DB347B /* ChannelGroup.m */; };
		D9E0D1080EE95E1381CB8D65 /* PlayerControlsView.m in Sources */ = {isa = PBXBuildFile; fileRef = D9E66A6A9108A6B9B78F5CFC /* PlayerControlsView.m */; };
		D9E0F2FC6456264F1A55E80B /* VODGenre.m in Sources */ = {isa = PBXBuildFile; fileRef = D9E8501DCA9D6D2F86B3864E /* VODGenre.m */; };
		D9E1308AD0526414151F91C6 /* VLCKitMoviePlayerController.m in Sources */ = {isa = PBXBuildFile; fileRef = D9EA8DF31702155DC682E750 /* VLCKitMoviePlayerController.m */; };
		D9E1D0BD0B0F941FD4677975 /* VODList.m in Sources */ = {isa = PBXBuildFile; fileRef = D9E90F6AA75BD4A50C76128C /* VODList.m */; };
		D9E2BBE4BE24FEF922657BD1 /* KartinaSession.m in Sources */ = {isa = PBXBuildFile; fileRef = D9E5EA6163B8DE1DE25C87E7 /* KartinaSession.m */; };
		D9E2D5CD30246599E8568985 /* ChannelStream.m in Sources */ = {isa = PBXBuildFile; fileRef = D9EF0762809D1B888672531C /* ChannelStream.m */; };
		D9E311B762A7107D2FF1A2B1 /* Utils.m in Sources */ = {isa = PBXBuildFile; fileRef = D9EC8DE0CD189D9787A851D3 /* Utils.m */; };
		D9E38A449AFFA276D4B69253 /* SetSetting.m in Sources */ = {isa = PBXBuildFile; fileRef = D9ED0A931CC6D167DC80DEF2 /* SetSetting.m */; };
		D9E519F92B01534A127996B6 /* ChannelList.m in Sources */ = {isa = PBXBuildFile; fileRef = D9E4C73D811A5936AC45AE74 /* ChannelList.m */; };
		D9E551FD52565FF409DC6C05 /* PlaybackItem.m in Sources */ = {isa = PBXBuildFile; fileRef = D9EE2DB05CD784700CC1AA87 /* PlaybackItem.m */; };
		D9E5D8FCBA430FFDB7E62D5A /* VODItem.m in Sources */ = {isa = PBXBuildFile; fileRef = D9EFFF688B56240D8D4FCE6B /* VODItem.m */; };
		D9E629E840710289FF00741D /* SystemConfiguration.framework in Frameworks */ = {isa = PBXBuildFile; fileRef = D9EF2F1CE29B70EA81A80929 /* SystemConfiguration.framework */; };
		D9E898D06031E83BD11D6A05 /* Show.m in Sources */ = {isa = PBXBuildFile; fileRef = D9EA7BBD3AD2BA5EB8A234E0 /* Show.m */; };
		D9E959A416ACEB28DFA5AE1C /* Account.m in Sources */ = {isa = PBXBuildFile; fileRef = D9E844CF5ED51726982B16DC /* Account.m */; };
		D9EA4BDA78CBF6AE6A2350C2 /* Settings.m in Sources */ = {isa = PBXBuildFile; fileRef = D9EBC46643E87092468E9E24 /* Settings.m */; };
		D9EAE9AA47618CCCECF9D6E6 /* Login.m in Sources */ = {isa = PBXBuildFile; fileRef = D9E0E5126CB86B172811DC97 /* Login.m */; };
		D9EAEC4EDABDE4F90BA4E03F /* KartinaClient.m in Sources */ = {isa = PBXBuildFile; fileRef = D9EA9A3FC319061E7FB698CE /* KartinaClient.m */; };
		D9EC5401E032992C6BDEE024 /* ScopeBarView.m in Sources */ = {isa = PBXBuildFile; fileRef = D9EB9D80A10A1924FB5323D9 /* ScopeBarView.m */; };
		D9ECD15A471FB7618891A6DC /* RKKartinaRequest.m in Sources */ = {isa = PBXBuildFile; fileRef = D9E0E0A1A89470471D033217 /* RKKartinaRequest.m */; };
		D9ECFDBBE89421C346268702 /* AppSettings.m in Sources */ = {isa = PBXBuildFile; fileRef = D9E84F3F814389CB23EEF95F /* AppSettings.m */; };
		D9ED1D35A590B20B6CEE56EE /* VODStream.m in Sources */ = {isa = PBXBuildFile; fileRef = D9E0EEF1D033DA2EC457ED75 /* VODStream.m */; };
		D9ED446118DED4BFE88F973C /* VODItemDetails.m in Sources */ = {isa = PBXBuildFile; fileRef = D9E62EFD57504690E47F9F4A /* VODItemDetails.m */; };
		D9EDB998483A247CCEC71570 /* Logout.m in Sources */ = {isa = PBXBuildFile; fileRef = D9E28D571C9DBB62F6CC66AF /* Logout.m */; };
/* End PBXBuildFile section */

/* Begin PBXCopyFilesBuildPhase section */
		4D663FA5171C59A9008FB3AD /* CopyFiles */ = {
			isa = PBXCopyFilesBuildPhase;
			buildActionMask = 2147483647;
			dstPath = "";
			dstSubfolderSpec = 10;
			files = (
				4D20395B172B066900F9D0C7 /* Sparkle.framework in CopyFiles */,
				4DD5958F175FC0D90020FE1C /* VLCKit.framework in CopyFiles */,
			);
			runOnlyForDeploymentPostprocessing = 0;
		};
/* End PBXCopyFilesBuildPhase section */

/* Begin PBXFileReference section */
		006EFB36ED94460B8F074F55 /* Pods.xcconfig */ = {isa = PBXFileReference; includeInIndex = 1; lastKnownFileType = text.xcconfig; name = Pods.xcconfig; path = Pods/Pods.xcconfig; sourceTree = SOURCE_ROOT; };
		3C03AF35F19A4D9BA51DE861 /* libPods.a */ = {isa = PBXFileReference; explicitFileType = archive.ar; includeInIndex = 0; path = libPods.a; sourceTree = BUILT_PRODUCTS_DIR; };
		4D165BFA171F3B530046AE63 /* PlayerControlsController.h */ = {isa = PBXFileReference; fileEncoding = 4; lastKnownFileType = sourcecode.c.h; path = PlayerControlsController.h; sourceTree = "<group>"; };
		4D165BFB171F3B530046AE63 /* PlayerControlsController.m */ = {isa = PBXFileReference; fileEncoding = 4; lastKnownFileType = sourcecode.c.objc; path = PlayerControlsController.m; sourceTree = "<group>"; };
		4D203951172ACF5D00F9D0C7 /* KartinaPreferencesViewController.h */ = {isa = PBXFileReference; fileEncoding = 4; lastKnownFileType = sourcecode.c.h; path = KartinaPreferencesViewController.h; sourceTree = "<group>"; };
		4D203952172ACF5D00F9D0C7 /* KartinaPreferencesViewController.m */ = {isa = PBXFileReference; fileEncoding = 4; lastKnownFileType = sourcecode.c.objc; path = KartinaPreferencesViewController.m; sourceTree = "<group>"; };
		4D203959172B064B00F9D0C7 /* Sparkle.framework */ = {isa = PBXFileReference; lastKnownFileType = wrapper.framework; path = Sparkle.framework; sourceTree = "<group>"; };
		4D4283A816EB5BBE0058BE42 /* KartinaX.TV.app */ = {isa = PBXFileReference; explicitFileType = wrapper.application; includeInIndex = 0; path = KartinaX.TV.app; sourceTree = BUILT_PRODUCTS_DIR; };
		4D4283AB16EB5BBE0058BE42 /* Cocoa.framework */ = {isa = PBXFileReference; lastKnownFileType = wrapper.framework; name = Cocoa.framework; path = System/Library/Frameworks/Cocoa.framework; sourceTree = SDKROOT; };
		4D4283AE16EB5BBE0058BE42 /* AppKit.framework */ = {isa = PBXFileReference; lastKnownFileType = wrapper.framework; name = AppKit.framework; path = System/Library/Frameworks/AppKit.framework; sourceTree = SDKROOT; };
		4D4283AF16EB5BBE0058BE42 /* CoreData.framework */ = {isa = PBXFileReference; lastKnownFileType = wrapper.framework; name = CoreData.framework; path = System/Library/Frameworks/CoreData.framework; sourceTree = SDKROOT; };
		4D4283B016EB5BBE0058BE42 /* Foundation.framework */ = {isa = PBXFileReference; lastKnownFileType = wrapper.framework; name = Foundation.framework; path = System/Library/Frameworks/Foundation.framework; sourceTree = SDKROOT; };
		4D4283B316EB5BBE0058BE42 /* KartinaX.TV-Info.plist */ = {isa = PBXFileReference; lastKnownFileType = text.plist.xml; path = "KartinaX.TV-Info.plist"; sourceTree = "<group>"; };
		4D4283B516EB5BBE0058BE42 /* en */ = {isa = PBXFileReference; lastKnownFileType = text.plist.strings; name = en; path = en.lproj/InfoPlist.strings; sourceTree = "<group>"; };
		4D4283B716EB5BBE0058BE42 /* main.m */ = {isa = PBXFileReference; lastKnownFileType = sourcecode.c.objc; path = main.m; sourceTree = "<group>"; };
		4D4283B916EB5BBE0058BE42 /* KartinaX.TV-Prefix.pch */ = {isa = PBXFileReference; lastKnownFileType = sourcecode.c.h; path = "KartinaX.TV-Prefix.pch"; sourceTree = "<group>"; };
		4D4283BB16EB5BBE0058BE42 /* en */ = {isa = PBXFileReference; lastKnownFileType = text.rtf; name = en; path = en.lproj/Credits.rtf; sourceTree = "<group>"; };
		4D4283BD16EB5BBE0058BE42 /* AppDelegate.h */ = {isa = PBXFileReference; lastKnownFileType = sourcecode.c.h; path = AppDelegate.h; sourceTree = "<group>"; };
		4D4283BE16EB5BBE0058BE42 /* AppDelegate.m */ = {isa = PBXFileReference; lastKnownFileType = sourcecode.c.objc; path = AppDelegate.m; sourceTree = "<group>"; };
		4D4283C416EB5BBF0058BE42 /* KartinaX_TV.xcdatamodel */ = {isa = PBXFileReference; lastKnownFileType = wrapper.xcdatamodel; path = KartinaX_TV.xcdatamodel; sourceTree = "<group>"; };
		4D4283CD16EB5BDE0058BE42 /* CoreMedia.framework */ = {isa = PBXFileReference; lastKnownFileType = wrapper.framework; name = CoreMedia.framework; path = System/Library/Frameworks/CoreMedia.framework; sourceTree = SDKROOT; };
		4D4283D716EB5D080058BE42 /* PlayerView.h */ = {isa = PBXFileReference; fileEncoding = 4; lastKnownFileType = sourcecode.c.h; path = PlayerView.h; sourceTree = "<group>"; };
		4D4283D816EB5D080058BE42 /* PlayerView.m */ = {isa = PBXFileReference; fileEncoding = 4; lastKnownFileType = sourcecode.c.objc; path = PlayerView.m; sourceTree = "<group>"; };
		4D4283DF16EBD6250058BE42 /* QuartzCore.framework */ = {isa = PBXFileReference; lastKnownFileType = wrapper.framework; name = QuartzCore.framework; path = System/Library/Frameworks/QuartzCore.framework; sourceTree = SDKROOT; };
		4D4283E516EBF8FA0058BE42 /* Channel.h */ = {isa = PBXFileReference; fileEncoding = 4; lastKnownFileType = sourcecode.c.h; path = Channel.h; sourceTree = "<group>"; };
		4D4283E616EBF8FA0058BE42 /* Channel.m */ = {isa = PBXFileReference; fileEncoding = 4; lastKnownFileType = sourcecode.c.objc; path = Channel.m; sourceTree = "<group>"; };
		4D663FAA171C754F008FB3AD /* EPGDataItem.h */ = {isa = PBXFileReference; fileEncoding = 4; lastKnownFileType = sourcecode.c.h; path = EPGDataItem.h; sourceTree = "<group>"; };
		4D663FAB171C754F008FB3AD /* EPGDataItem.m */ = {isa = PBXFileReference; fileEncoding = 4; lastKnownFileType = sourcecode.c.objc; path = EPGDataItem.m; sourceTree = "<group>"; };
		4D71AD61175512EF009ADC34 /* EPGWindowController.h */ = {isa = PBXFileReference; fileEncoding = 4; lastKnownFileType = sourcecode.c.h; path = EPGWindowController.h; sourceTree = "<group>"; };
		4D71AD62175512EF009ADC34 /* EPGWindowController.m */ = {isa = PBXFileReference; fileEncoding = 4; lastKnownFileType = sourcecode.c.objc; path = EPGWindowController.m; sourceTree = "<group>"; };
		4D71AD6917553B3E009ADC34 /* INAppStoreWindow.h */ = {isa = PBXFileReference; fileEncoding = 4; lastKnownFileType = sourcecode.c.h; path = INAppStoreWindow.h; sourceTree = "<group>"; };
		4D71AD6A17553B3E009ADC34 /* INAppStoreWindow.m */ = {isa = PBXFileReference; fileEncoding = 4; lastKnownFileType = sourcecode.c.objc; path = INAppStoreWindow.m; sourceTree = "<group>"; };
		4D71AD6B17553B3E009ADC34 /* INWindowButton.h */ = {isa = PBXFileReference; fileEncoding = 4; lastKnownFileType = sourcecode.c.h; path = INWindowButton.h; sourceTree = "<group>"; };
		4D71AD6C17553B3E009ADC34 /* INWindowButton.m */ = {isa = PBXFileReference; fileEncoding = 4; lastKnownFileType = sourcecode.c.objc; path = INWindowButton.m; sourceTree = "<group>"; };
		4D71AD7017553CF9009ADC34 /* ru */ = {isa = PBXFileReference; lastKnownFileType = file.xib; name = ru; path = ru.lproj/EPGWindowController.xib; sourceTree = "<group>"; };
		4D98041917578FC200165B4C /* EPGProgrammViewController.h */ = {isa = PBXFileReference; fileEncoding = 4; lastKnownFileType = sourcecode.c.h; path = EPGProgrammViewController.h; sourceTree = "<group>"; };
		4D98041A17578FC200165B4C /* EPGProgrammViewController.m */ = {isa = PBXFileReference; fileEncoding = 4; lastKnownFileType = sourcecode.c.objc; path = EPGProgrammViewController.m; sourceTree = "<group>"; };
		4D98041E1757900100165B4C /* EPGVideothekViewController.h */ = {isa = PBXFileReference; fileEncoding = 4; lastKnownFileType = sourcecode.c.h; path = EPGVideothekViewController.h; sourceTree = "<group>"; };
		4D98041F1757900100165B4C /* EPGVideothekViewController.m */ = {isa = PBXFileReference; fileEncoding = 4; lastKnownFileType = sourcecode.c.objc; path = EPGVideothekViewController.m; sourceTree = "<group>"; };
		4D9804241757A52B00165B4C /* ru */ = {isa = PBXFileReference; lastKnownFileType = file.xib; name = ru; path = ru.lproj/EPGProgrammViewController.xib; sourceTree = "<group>"; };
		4DBD0770172DA51700CE96DD /* dsa_pub.pem */ = {isa = PBXFileReference; fileEncoding = 4; lastKnownFileType = text; path = dsa_pub.pem; sourceTree = "<group>"; };
		4DBD0772172ED2F300CE96DD /* UpdatePreferencesViewController.h */ = {isa = PBXFileReference; fileEncoding = 4; lastKnownFileType = sourcecode.c.h; path = UpdatePreferencesViewController.h; sourceTree = "<group>"; };
		4DBD0773172ED2F300CE96DD /* UpdatePreferencesViewController.m */ = {isa = PBXFileReference; fileEncoding = 4; lastKnownFileType = sourcecode.c.objc; path = UpdatePreferencesViewController.m; sourceTree = "<group>"; };
		4DBD0777172ED55B00CE96DD /* UpdateSettings.png */ = {isa = PBXFileReference; lastKnownFileType = image.png; path = UpdateSettings.png; sourceTree = "<group>"; };
		4DBD077C17355F5A00CE96DD /* ru */ = {isa = PBXFileReference; lastKnownFileType = file.xib; name = ru; path = ru.lproj/MainMenu.xib; sourceTree = "<group>"; };
		4DBD077D17355F5A00CE96DD /* ru */ = {isa = PBXFileReference; lastKnownFileType = text.plist.strings; name = ru; path = ru.lproj/InfoPlist.strings; sourceTree = "<group>"; };
		4DBD077E17355F5A00CE96DD /* ru */ = {isa = PBXFileReference; lastKnownFileType = text.rtf; name = ru; path = ru.lproj/Credits.rtf; sourceTree = "<group>"; };
		4DBD078017355FAE00CE96DD /* ru */ = {isa = PBXFileReference; lastKnownFileType = file.xib; name = ru; path = ru.lproj/UpdatePreferencesViewController.xib; sourceTree = "<group>"; };
		4DBD078617355FD300CE96DD /* ru */ = {isa = PBXFileReference; lastKnownFileType = file.xib; name = ru; path = ru.lproj/PlayerControlsController.xib; sourceTree = "<group>"; };
		4DBF901C172B388F00F4214B /* todo.txt */ = {isa = PBXFileReference; fileEncoding = 4; lastKnownFileType = text; path = todo.txt; sourceTree = "<group>"; };
		4DBF901E172BF05700F4214B /* App.iconset */ = {isa = PBXFileReference; lastKnownFileType = folder.iconset; path = App.iconset; sourceTree = "<group>"; };
		4DD5956E175A59A00020FE1C /* ShowPreview.xib */ = {isa = PBXFileReference; fileEncoding = 4; lastKnownFileType = file.xib; path = ShowPreview.xib; sourceTree = "<group>"; };
		4DD59570175A645D0020FE1C /* TVShow.png */ = {isa = PBXFileReference; lastKnownFileType = image.png; path = TVShow.png; sourceTree = "<group>"; };
		4DD59572175A748D0020FE1C /* TVShowGreen.png */ = {isa = PBXFileReference; lastKnownFileType = image.png; path = TVShowGreen.png; sourceTree = "<group>"; };
		4DD59574175A7A6D0020FE1C /* GlobalSettings.png */ = {isa = PBXFileReference; lastKnownFileType = image.png; path = GlobalSettings.png; sourceTree = "<group>"; };
		4DD59576175A7AD80020FE1C /* GlobalPreferencesViewController.h */ = {isa = PBXFileReference; fileEncoding = 4; lastKnownFileType = sourcecode.c.h; path = GlobalPreferencesViewController.h; sourceTree = "<group>"; };
		4DD59577175A7AD80020FE1C /* GlobalPreferencesViewController.m */ = {isa = PBXFileReference; fileEncoding = 4; lastKnownFileType = sourcecode.c.objc; path = GlobalPreferencesViewController.m; sourceTree = "<group>"; };
		4DD59578175A7AD80020FE1C /* GlobalPreferencesViewController.xib */ = {isa = PBXFileReference; fileEncoding = 4; lastKnownFileType = file.xib; path = GlobalPreferencesViewController.xib; sourceTree = "<group>"; };
		4DD59585175B4CFF0020FE1C /* AGScopeBar.h */ = {isa = PBXFileReference; fileEncoding = 4; lastKnownFileType = sourcecode.c.h; path = AGScopeBar.h; sourceTree = "<group>"; };
		4DD59586175B4CFF0020FE1C /* AGScopeBar.m */ = {isa = PBXFileReference; fileEncoding = 4; lastKnownFileType = sourcecode.c.objc; path = AGScopeBar.m; sourceTree = "<group>"; };
		4DD59588175BD5F70020FE1C /* VODItemDetails.xib */ = {isa = PBXFileReference; fileEncoding = 4; lastKnownFileType = file.xib; path = VODItemDetails.xib; sourceTree = "<group>"; };
		4DD5958B175E766F0020FE1C /* ru */ = {isa = PBXFileReference; lastKnownFileType = file.xib; name = ru; path = ru.lproj/EPGVideothekViewController.xib; sourceTree = "<group>"; };
		4DD5958D175FC0B90020FE1C /* VLCKit.framework */ = {isa = PBXFileReference; lastKnownFileType = wrapper.framework; path = VLCKit.framework; sourceTree = "<group>"; };
		4DF2404E174BE93D0029241C /* KartinaSettings.png */ = {isa = PBXFileReference; lastKnownFileType = image.png; path = KartinaSettings.png; sourceTree = "<group>"; };
		4DF2405517525E050029241C /* ru */ = {isa = PBXFileReference; lastKnownFileType = file.xib; name = ru; path = ru.lproj/KartinaPreferencesViewController.xib; sourceTree = "<group>"; };
		4DF2405D17526C320029241C /* PlayerPlay.png */ = {isa = PBXFileReference; lastKnownFileType = image.png; path = PlayerPlay.png; sourceTree = "<group>"; };
		4DF2405F175279100029241C /* PlayerPause.png */ = {isa = PBXFileReference; lastKnownFileType = image.png; path = PlayerPause.png; sourceTree = "<group>"; };
		4DF2406117527A040029241C /* PlayerEPG.png */ = {isa = PBXFileReference; lastKnownFileType = image.png; path = PlayerEPG.png; sourceTree = "<group>"; };
		4DF24063175285000029241C /* PlayerEPG@2x.png */ = {isa = PBXFileReference; lastKnownFileType = image.png; path = "PlayerEPG@2x.png"; sourceTree = "<group>"; };
		4DF24064175285000029241C /* PlayerPause@2x.png */ = {isa = PBXFileReference; lastKnownFileType = image.png; path = "PlayerPause@2x.png"; sourceTree = "<group>"; };
		4DF24065175285000029241C /* PlayerPlay@2x.png */ = {isa = PBXFileReference; lastKnownFileType = image.png; path = "PlayerPlay@2x.png"; sourceTree = "<group>"; };
		4DF54E2A173FAC240076CE95 /* ru */ = {isa = PBXFileReference; lastKnownFileType = text.plist.strings; name = ru; path = ru.lproj/Localizable.strings; sourceTree = "<group>"; };
		D9E069E8AD67C10F1C147D74 /* Logout.h */ = {isa = PBXFileReference; fileEncoding = 4; lastKnownFileType = sourcecode.c.h; path = Logout.h; sourceTree = "<group>"; };
		D9E0E0A1A89470471D033217 /* RKKartinaRequest.m */ = {isa = PBXFileReference; fileEncoding = 4; lastKnownFileType = sourcecode.c.objc; path = RKKartinaRequest.m; sourceTree = "<group>"; };
		D9E0E5126CB86B172811DC97 /* Login.m */ = {isa = PBXFileReference; fileEncoding = 4; lastKnownFileType = sourcecode.c.objc; path = Login.m; sourceTree = "<group>"; };
		D9E0EEF1D033DA2EC457ED75 /* VODStream.m */ = {isa = PBXFileReference; fileEncoding = 4; lastKnownFileType = sourcecode.c.objc; path = VODStream.m; sourceTree = "<group>"; };
		D9E133AA1B807CBBFF5A62E5 /* Account.h */ = {isa = PBXFileReference; fileEncoding = 4; lastKnownFileType = sourcecode.c.h; path = Account.h; sourceTree = "<group>"; };
		D9E1CE38766AED5DD050F3EB /* AppSettings.h */ = {isa = PBXFileReference; fileEncoding = 4; lastKnownFileType = sourcecode.c.h; path = AppSettings.h; sourceTree = "<group>"; };
		D9E1CFD8CB4D9C7F1A839EF8 /* Utils.h */ = {isa = PBXFileReference; fileEncoding = 4; lastKnownFileType = sourcecode.c.h; path = Utils.h; sourceTree = "<group>"; };
		D9E20B63B5014598D377BE09 /* ChannelGroup.h */ = {isa = PBXFileReference; fileEncoding = 4; lastKnownFileType = sourcecode.c.h; path = ChannelGroup.h; sourceTree = "<group>"; };
		D9E2215F968F7F3175DB347B /* ChannelGroup.m */ = {isa = PBXFileReference; fileEncoding = 4; lastKnownFileType = sourcecode.c.objc; path = ChannelGroup.m; sourceTree = "<group>"; };
		D9E230E2D6F882440E92BD9D /* KartinaClient.h */ = {isa = PBXFileReference; fileEncoding = 4; lastKnownFileType = sourcecode.c.h; path = KartinaClient.h; sourceTree = "<group>"; };
		D9E28D571C9DBB62F6CC66AF /* Logout.m */ = {isa = PBXFileReference; fileEncoding = 4; lastKnownFileType = sourcecode.c.objc; path = Logout.m; sourceTree = "<group>"; };
		D9E2FD6FF6CA6947960C8997 /* ScopeBarView.h */ = {isa = PBXFileReference; fileEncoding = 4; lastKnownFileType = sourcecode.c.h; path = ScopeBarView.h; sourceTree = "<group>"; };
		D9E31C544A7CB4964DB6158E /* VODStream.h */ = {isa = PBXFileReference; fileEncoding = 4; lastKnownFileType = sourcecode.c.h; path = VODStream.h; sourceTree = "<group>"; };
		D9E3519337F3475366815DFB /* RKObjectMappingAware.h */ = {isa = PBXFileReference; fileEncoding = 4; lastKnownFileType = sourcecode.c.h; path = RKObjectMappingAware.h; sourceTree = "<group>"; };
		D9E4C73D811A5936AC45AE74 /* ChannelList.m */ = {isa = PBXFileReference; fileEncoding = 4; lastKnownFileType = sourcecode.c.objc; path = ChannelList.m; sourceTree = "<group>"; };
		D9E5C18F3748D6CEEF07FB65 /* RKKartinaRequest.h */ = {isa = PBXFileReference; fileEncoding = 4; lastKnownFileType = sourcecode.c.h; path = RKKartinaRequest.h; sourceTree = "<group>"; };
		D9E5EA6163B8DE1DE25C87E7 /* KartinaSession.m */ = {isa = PBXFileReference; fileEncoding = 4; lastKnownFileType = sourcecode.c.objc; path = KartinaSession.m; sourceTree = "<group>"; };
		D9E62D4E253909E41E9F1D60 /* KartinaSession.h */ = {isa = PBXFileReference; fileEncoding = 4; lastKnownFileType = sourcecode.c.h; path = KartinaSession.h; sourceTree = "<group>"; };
		D9E62EFD57504690E47F9F4A /* VODItemDetails.m */ = {isa = PBXFileReference; fileEncoding = 4; lastKnownFileType = sourcecode.c.objc; path = VODItemDetails.m; sourceTree = "<group>"; };
		D9E64F2FB2FBB71B0648BC54 /* VODItemDetails.h */ = {isa = PBXFileReference; fileEncoding = 4; lastKnownFileType = sourcecode.c.h; path = VODItemDetails.h; sourceTree = "<group>"; };
		D9E66A6A9108A6B9B78F5CFC /* PlayerControlsView.m */ = {isa = PBXFileReference; fileEncoding = 4; lastKnownFileType = sourcecode.c.objc; path = PlayerControlsView.m; sourceTree = "<group>"; };
		D9E66BC22815C205EB8858A4 /* VODItem.h */ = {isa = PBXFileReference; fileEncoding = 4; lastKnownFileType = sourcecode.c.h; path = VODItem.h; sourceTree = "<group>"; };
		D9E6CA7FFE11E174D9CF1174 /* PlaybackItem.h */ = {isa = PBXFileReference; fileEncoding = 4; lastKnownFileType = sourcecode.c.h; path = PlaybackItem.h; sourceTree = "<group>"; };
		D9E74FE52D18CB84206E7321 /* Login.h */ = {isa = PBXFileReference; fileEncoding = 4; lastKnownFileType = sourcecode.c.h; path = Login.h; sourceTree = "<group>"; };
		D9E81203BDE9F48EAD422376 /* EPGData.h */ = {isa = PBXFileReference; fileEncoding = 4; lastKnownFileType = sourcecode.c.h; path = EPGData.h; sourceTree = "<group>"; };
		D9E812D61BCAC2EF4F3CB19A /* Settings.h */ = {isa = PBXFileReference; fileEncoding = 4; lastKnownFileType = sourcecode.c.h; path = Settings.h; sourceTree = "<group>"; };
		D9E844CF5ED51726982B16DC /* Account.m */ = {isa = PBXFileReference; fileEncoding = 4; lastKnownFileType = sourcecode.c.objc; path = Account.m; sourceTree = "<group>"; };
		D9E84F3F814389CB23EEF95F /* AppSettings.m */ = {isa = PBXFileReference; fileEncoding = 4; lastKnownFileType = sourcecode.c.objc; path = AppSettings.m; sourceTree = "<group>"; };
		D9E8501DCA9D6D2F86B3864E /* VODGenre.m */ = {isa = PBXFileReference; fileEncoding = 4; lastKnownFileType = sourcecode.c.objc; path = VODGenre.m; sourceTree = "<group>"; };
		D9E90F6AA75BD4A50C76128C /* VODList.m */ = {isa = PBXFileReference; fileEncoding = 4; lastKnownFileType = sourcecode.c.objc; path = VODList.m; sourceTree = "<group>"; };
		D9E93876EB417C90657F8AFA /* EPGData.m */ = {isa = PBXFileReference; fileEncoding = 4; lastKnownFileType = sourcecode.c.objc; path = EPGData.m; sourceTree = "<group>"; };
		D9E96BD8F2C2F4D50E21A5C6 /* SetSetting.h */ = {isa = PBXFileReference; fileEncoding = 4; lastKnownFileType = sourcecode.c.h; path = SetSetting.h; sourceTree = "<group>"; };
		D9E9D57437480A2B34323DC3 /* ChannelStream.h */ = {isa = PBXFileReference; fileEncoding = 4; lastKnownFileType = sourcecode.c.h; path = ChannelStream.h; sourceTree = "<group>"; };
		D9E9DA64BE55EC6B6846B8C8 /* channels.json */ = {isa = PBXFileReference; lastKnownFileType = file.json; path = channels.json; sourceTree = "<group>"; };
		D9EA7BBD3AD2BA5EB8A234E0 /* Show.m */ = {isa = PBXFileReference; fileEncoding = 4; lastKnownFileType = sourcecode.c.objc; path = Show.m; sourceTree = "<group>"; };
		D9EA8DF31702155DC682E750 /* VLCKitMoviePlayerController.m */ = {isa = PBXFileReference; fileEncoding = 4; lastKnownFileType = sourcecode.c.objc; path = VLCKitMoviePlayerController.m; sourceTree = "<group>"; };
		D9EA9A3FC319061E7FB698CE /* KartinaClient.m */ = {isa = PBXFileReference; fileEncoding = 4; lastKnownFileType = sourcecode.c.objc; path = KartinaClient.m; sourceTree = "<group>"; };
		D9EAAE81BA9FDAC2209E7443 /* VODGenre.h */ = {isa = PBXFileReference; fileEncoding = 4; lastKnownFileType = sourcecode.c.h; path = VODGenre.h; sourceTree = "<group>"; };
		D9EB7EDF75C553B1BF4A08A8 /* x_channel_list.json */ = {isa = PBXFileReference; lastKnownFileType = file.json; path = x_channel_list.json; sourceTree = "<group>"; };
		D9EB9D80A10A1924FB5323D9 /* ScopeBarView.m */ = {isa = PBXFileReference; fileEncoding = 4; lastKnownFileType = sourcecode.c.objc; path = ScopeBarView.m; sourceTree = "<group>"; };
		D9EBC46643E87092468E9E24 /* Settings.m */ = {isa = PBXFileReference; fileEncoding = 4; lastKnownFileType = sourcecode.c.objc; path = Settings.m; sourceTree = "<group>"; };
		D9EC8DE0CD189D9787A851D3 /* Utils.m */ = {isa = PBXFileReference; fileEncoding = 4; lastKnownFileType = sourcecode.c.objc; path = Utils.m; sourceTree = "<group>"; };
		D9ECD1ABA15DB18A6DBEFCFA /* VODList.h */ = {isa = PBXFileReference; fileEncoding = 4; lastKnownFileType = sourcecode.c.h; path = VODList.h; sourceTree = "<group>"; };
		D9ECE859B5858F42FE95BB19 /* ChannelList.h */ = {isa = PBXFileReference; fileEncoding = 4; lastKnownFileType = sourcecode.c.h; path = ChannelList.h; sourceTree = "<group>"; };
		D9ECF66703FF10F2FFF657CD /* VLCKitMoviePlayerController.h */ = {isa = PBXFileReference; fileEncoding = 4; lastKnownFileType = sourcecode.c.h; path = VLCKitMoviePlayerController.h; sourceTree = "<group>"; };
		D9ED0A931CC6D167DC80DEF2 /* SetSetting.m */ = {isa = PBXFileReference; fileEncoding = 4; lastKnownFileType = sourcecode.c.objc; path = SetSetting.m; sourceTree = "<group>"; };
		D9ED4DFB28A6336553CA4202 /* Show.h */ = {isa = PBXFileReference; fileEncoding = 4; lastKnownFileType = sourcecode.c.h; path = Show.h; sourceTree = "<group>"; };
		D9EE2DB05CD784700CC1AA87 /* PlaybackItem.m */ = {isa = PBXFileReference; fileEncoding = 4; lastKnownFileType = sourcecode.c.objc; path = PlaybackItem.m; sourceTree = "<group>"; };
		D9EEA0BA237AA78813A33571 /* PlayerLifecycleDelegate.h */ = {isa = PBXFileReference; fileEncoding = 4; lastKnownFileType = sourcecode.c.h; path = PlayerLifecycleDelegate.h; sourceTree = "<group>"; };
		D9EF0762809D1B888672531C /* ChannelStream.m */ = {isa = PBXFileReference; fileEncoding = 4; lastKnownFileType = sourcecode.c.objc; path = ChannelStream.m; sourceTree = "<group>"; };
		D9EF2F1CE29B70EA81A80929 /* SystemConfiguration.framework */ = {isa = PBXFileReference; lastKnownFileType = wrapper.framework; name = SystemConfiguration.framework; path = ../../../../../../Applications/Xcode.app/Contents/Developer/Platforms/MacOSX.platform/Developer/SDKs/MacOSX10.8.sdk/System/Library/Frameworks/SystemConfiguration.framework; sourceTree = "<group>"; };
		D9EF4B1E20DB89C791236A4A /* KartinaClientDelegate.h */ = {isa = PBXFileReference; fileEncoding = 4; lastKnownFileType = sourcecode.c.h; path = KartinaClientDelegate.h; sourceTree = "<group>"; };
		D9EFC7C7B111B106A902F8FA /* epg3.json */ = {isa = PBXFileReference; lastKnownFileType = file.json; path = epg3.json; sourceTree = "<group>"; };
		D9EFF09C08632E1B4357ADB7 /* PlayerControlsView.h */ = {isa = PBXFileReference; fileEncoding = 4; lastKnownFileType = sourcecode.c.h; path = PlayerControlsView.h; sourceTree = "<group>"; };
		D9EFFF688B56240D8D4FCE6B /* VODItem.m */ = {isa = PBXFileReference; fileEncoding = 4; lastKnownFileType = sourcecode.c.objc; path = VODItem.m; sourceTree = "<group>"; };
/* End PBXFileReference section */

/* Begin PBXFrameworksBuildPhase section */
		4D4283A516EB5BBE0058BE42 /* Frameworks */ = {
			isa = PBXFrameworksBuildPhase;
			buildActionMask = 2147483647;
			files = (
				4D4283E016EBD6250058BE42 /* QuartzCore.framework in Frameworks */,
				4D4283CE16EB5BDE0058BE42 /* CoreMedia.framework in Frameworks */,
				4D4283AC16EB5BBE0058BE42 /* Cocoa.framework in Frameworks */,
				48F8C9C78E0445978FDC3136 /* libPods.a in Frameworks */,
				4D20395A172B064B00F9D0C7 /* Sparkle.framework in Frameworks */,
				D9E629E840710289FF00741D /* SystemConfiguration.framework in Frameworks */,
				4DD5958E175FC0B90020FE1C /* VLCKit.framework in Frameworks */,
			);
			runOnlyForDeploymentPostprocessing = 0;
		};
/* End PBXFrameworksBuildPhase section */

/* Begin PBXGroup section */
		4D203958172AD1F500F9D0C7 /* Images */ = {
			isa = PBXGroup;
			children = (
				4DD59574175A7A6D0020FE1C /* GlobalSettings.png */,
				4DD59572175A748D0020FE1C /* TVShowGreen.png */,
				4DD59570175A645D0020FE1C /* TVShow.png */,
				4DF24063175285000029241C /* PlayerEPG@2x.png */,
				4DF24064175285000029241C /* PlayerPause@2x.png */,
				4DF24065175285000029241C /* PlayerPlay@2x.png */,
				4DF2406117527A040029241C /* PlayerEPG.png */,
				4DF2405F175279100029241C /* PlayerPause.png */,
				4DF2405D17526C320029241C /* PlayerPlay.png */,
				4DF2404E174BE93D0029241C /* KartinaSettings.png */,
				4DBD0777172ED55B00CE96DD /* UpdateSettings.png */,
			);
			name = Images;
			sourceTree = "<group>";
		};
		4D42839F16EB5BBE0058BE42 = {
			isa = PBXGroup;
			children = (
				4D4283B116EB5BBE0058BE42 /* KartinaX.TV */,
				4D4283AA16EB5BBE0058BE42 /* Frameworks */,
				4D4283A916EB5BBE0058BE42 /* Products */,
				006EFB36ED94460B8F074F55 /* Pods.xcconfig */,
			);
			sourceTree = "<group>";
		};
		4D4283A916EB5BBE0058BE42 /* Products */ = {
			isa = PBXGroup;
			children = (
				4D4283A816EB5BBE0058BE42 /* KartinaX.TV.app */,
			);
			name = Products;
			sourceTree = "<group>";
		};
		4D4283AA16EB5BBE0058BE42 /* Frameworks */ = {
			isa = PBXGroup;
			children = (
				4D4283DF16EBD6250058BE42 /* QuartzCore.framework */,
				4D4283CD16EB5BDE0058BE42 /* CoreMedia.framework */,
				4D4283AB16EB5BBE0058BE42 /* Cocoa.framework */,
				4D4283AD16EB5BBE0058BE42 /* Other Frameworks */,
				3C03AF35F19A4D9BA51DE861 /* libPods.a */,
				D9EF2F1CE29B70EA81A80929 /* SystemConfiguration.framework */,
			);
			name = Frameworks;
			sourceTree = "<group>";
		};
		4D4283AD16EB5BBE0058BE42 /* Other Frameworks */ = {
			isa = PBXGroup;
			children = (
				4DD5958D175FC0B90020FE1C /* VLCKit.framework */,
				4D203959172B064B00F9D0C7 /* Sparkle.framework */,
				4D4283AE16EB5BBE0058BE42 /* AppKit.framework */,
				4D4283AF16EB5BBE0058BE42 /* CoreData.framework */,
				4D4283B016EB5BBE0058BE42 /* Foundation.framework */,
			);
			name = "Other Frameworks";
			sourceTree = "<group>";
		};
		4D4283B116EB5BBE0058BE42 /* KartinaX.TV */ = {
			isa = PBXGroup;
			children = (
				4DBD076F172DA4E500CE96DD /* Resources */,
				4DBF901E172BF05700F4214B /* App.iconset */,
				4D203958172AD1F500F9D0C7 /* Images */,
				4D4283E116EBEFEC0058BE42 /* Model */,
				4D4283D116EB5C8A0058BE42 /* View */,
				4D4283D016EB5C830058BE42 /* Controller */,
				4DD59581175B4AAF0020FE1C /* AGScopeBar */,
				4D4283CF16EB5C7C0058BE42 /* Xib */,
				4D4283B216EB5BBE0058BE42 /* Supporting Files */,
				4D4283BD16EB5BBE0058BE42 /* AppDelegate.h */,
				4D4283BE16EB5BBE0058BE42 /* AppDelegate.m */,
				4D4283C316EB5BBF0058BE42 /* KartinaX_TV.xcdatamodeld */,
				4DF54E2B173FAC240076CE95 /* Localizable.strings */,
				D9E230E2D6F882440E92BD9D /* KartinaClient.h */,
				D9EA9A3FC319061E7FB698CE /* KartinaClient.m */,
				D9EC8DE0CD189D9787A851D3 /* Utils.m */,
				D9E1CFD8CB4D9C7F1A839EF8 /* Utils.h */,
				4DBF901C172B388F00F4214B /* todo.txt */,
				D9EF4B1E20DB89C791236A4A /* KartinaClientDelegate.h */,
				D9E5EA6163B8DE1DE25C87E7 /* KartinaSession.m */,
				D9E62D4E253909E41E9F1D60 /* KartinaSession.h */,
				D9E84F3F814389CB23EEF95F /* AppSettings.m */,
				D9E1CE38766AED5DD050F3EB /* AppSettings.h */,
			);
			path = KartinaX.TV;
			sourceTree = "<group>";
		};
		4D4283B216EB5BBE0058BE42 /* Supporting Files */ = {
			isa = PBXGroup;
			children = (
				4D4283B316EB5BBE0058BE42 /* KartinaX.TV-Info.plist */,
				4D4283B416EB5BBE0058BE42 /* InfoPlist.strings */,
				4D4283B716EB5BBE0058BE42 /* main.m */,
				4D4283B916EB5BBE0058BE42 /* KartinaX.TV-Prefix.pch */,
				4D4283BA16EB5BBE0058BE42 /* Credits.rtf */,
			);
			name = "Supporting Files";
			sourceTree = "<group>";
		};
		4D4283CF16EB5C7C0058BE42 /* Xib */ = {
			isa = PBXGroup;
			children = (
				4DD59578175A7AD80020FE1C /* GlobalPreferencesViewController.xib */,
				4D71AD7117553CF9009ADC34 /* EPGWindowController.xib */,
				4D9804251757A52B00165B4C /* EPGProgrammViewController.xib */,
				4DD5958C175E766F0020FE1C /* EPGVideothekViewController.xib */,
				4DBD078117355FAE00CE96DD /* UpdatePreferencesViewController.xib */,
				4DF2405617525E050029241C /* KartinaPreferencesViewController.xib */,
				4DBD078717355FD300CE96DD /* PlayerControlsController.xib */,
				4D4283C016EB5BBE0058BE42 /* MainMenu.xib */,
				4DD5956E175A59A00020FE1C /* ShowPreview.xib */,
				4DD59588175BD5F70020FE1C /* VODItemDetails.xib */,
			);
			name = Xib;
			sourceTree = "<group>";
		};
		4D4283D016EB5C830058BE42 /* Controller */ = {
			isa = PBXGroup;
			children = (
				4D203951172ACF5D00F9D0C7 /* KartinaPreferencesViewController.h */,
				4D203952172ACF5D00F9D0C7 /* KartinaPreferencesViewController.m */,
				D9EA8DF31702155DC682E750 /* VLCKitMoviePlayerController.m */,
				D9ECF66703FF10F2FFF657CD /* VLCKitMoviePlayerController.h */,
				4D165BFA171F3B530046AE63 /* PlayerControlsController.h */,
				4D165BFB171F3B530046AE63 /* PlayerControlsController.m */,
				4DBD0772172ED2F300CE96DD /* UpdatePreferencesViewController.h */,
				4DBD0773172ED2F300CE96DD /* UpdatePreferencesViewController.m */,
				D9EEA0BA237AA78813A33571 /* PlayerLifecycleDelegate.h */,
				4D71AD61175512EF009ADC34 /* EPGWindowController.h */,
				4D71AD62175512EF009ADC34 /* EPGWindowController.m */,
				4D98041917578FC200165B4C /* EPGProgrammViewController.h */,
				4D98041A17578FC200165B4C /* EPGProgrammViewController.m */,
				4D98041E1757900100165B4C /* EPGVideothekViewController.h */,
				4D98041F1757900100165B4C /* EPGVideothekViewController.m */,
				4DD59576175A7AD80020FE1C /* GlobalPreferencesViewController.h */,
				4DD59577175A7AD80020FE1C /* GlobalPreferencesViewController.m */,
			);
			name = Controller;
			sourceTree = "<group>";
		};
		4D4283D116EB5C8A0058BE42 /* View */ = {
			isa = PBXGroup;
			children = (
				4D71AD6917553B3E009ADC34 /* INAppStoreWindow.h */,
				4D71AD6A17553B3E009ADC34 /* INAppStoreWindow.m */,
				4D71AD6B17553B3E009ADC34 /* INWindowButton.h */,
				4D71AD6C17553B3E009ADC34 /* INWindowButton.m */,
				4D4283D716EB5D080058BE42 /* PlayerView.h */,
				4D4283D816EB5D080058BE42 /* PlayerView.m */,
				D9E66A6A9108A6B9B78F5CFC /* PlayerControlsView.m */,
				D9EFF09C08632E1B4357ADB7 /* PlayerControlsView.h */,
				D9EB9D80A10A1924FB5323D9 /* ScopeBarView.m */,
				D9E2FD6FF6CA6947960C8997 /* ScopeBarView.h */,
			);
			name = View;
			sourceTree = "<group>";
		};
		4D4283E116EBEFEC0058BE42 /* Model */ = {
			isa = PBXGroup;
			children = (
				4D663FAA171C754F008FB3AD /* EPGDataItem.h */,
				4D663FAB171C754F008FB3AD /* EPGDataItem.m */,
				4D4283E516EBF8FA0058BE42 /* Channel.h */,
				4D4283E616EBF8FA0058BE42 /* Channel.m */,
				D9E844CF5ED51726982B16DC /* Account.m */,
				D9E133AA1B807CBBFF5A62E5 /* Account.h */,
				D9E0E5126CB86B172811DC97 /* Login.m */,
				D9E74FE52D18CB84206E7321 /* Login.h */,
				D9E3519337F3475366815DFB /* RKObjectMappingAware.h */,
				D9E2215F968F7F3175DB347B /* ChannelGroup.m */,
				D9E20B63B5014598D377BE09 /* ChannelGroup.h */,
				D9E9DA64BE55EC6B6846B8C8 /* channels.json */,
				D9E4C73D811A5936AC45AE74 /* ChannelList.m */,
				D9ECE859B5858F42FE95BB19 /* ChannelList.h */,
				D9E0E0A1A89470471D033217 /* RKKartinaRequest.m */,
				D9E5C18F3748D6CEEF07FB65 /* RKKartinaRequest.h */,
				D9EF0762809D1B888672531C /* ChannelStream.m */,
				D9E9D57437480A2B34323DC3 /* ChannelStream.h */,
				D9EA7BBD3AD2BA5EB8A234E0 /* Show.m */,
				D9ED4DFB28A6336553CA4202 /* Show.h */,
				D9EE2DB05CD784700CC1AA87 /* PlaybackItem.m */,
				D9E6CA7FFE11E174D9CF1174 /* PlaybackItem.h */,
				D9E93876EB417C90657F8AFA /* EPGData.m */,
				D9E81203BDE9F48EAD422376 /* EPGData.h */,
				D9EFC7C7B111B106A902F8FA /* epg3.json */,
				D9EB7EDF75C553B1BF4A08A8 /* x_channel_list.json */,
				D9EBC46643E87092468E9E24 /* Settings.m */,
				D9E812D61BCAC2EF4F3CB19A /* Settings.h */,
				D9E28D571C9DBB62F6CC66AF /* Logout.m */,
				D9E069E8AD67C10F1C147D74 /* Logout.h */,
				D9ED0A931CC6D167DC80DEF2 /* SetSetting.m */,
				D9E96BD8F2C2F4D50E21A5C6 /* SetSetting.h */,
				D9EFFF688B56240D8D4FCE6B /* VODItem.m */,
				D9E66BC22815C205EB8858A4 /* VODItem.h */,
				D9E90F6AA75BD4A50C76128C /* VODList.m */,
				D9ECD1ABA15DB18A6DBEFCFA /* VODList.h */,
				D9E62EFD57504690E47F9F4A /* VODItemDetails.m */,
				D9E64F2FB2FBB71B0648BC54 /* VODItemDetails.h */,
				D9E0EEF1D033DA2EC457ED75 /* VODStream.m */,
				D9E31C544A7CB4964DB6158E /* VODStream.h */,
				D9E8501DCA9D6D2F86B3864E /* VODGenre.m */,
				D9EAAE81BA9FDAC2209E7443 /* VODGenre.h */,
			);
			name = Model;
			sourceTree = "<group>";
		};
		4DBD076F172DA4E500CE96DD /* Resources */ = {
			isa = PBXGroup;
			children = (
				4DBD0770172DA51700CE96DD /* dsa_pub.pem */,
			);
			name = Resources;
			sourceTree = "<group>";
		};
		4DD59581175B4AAF0020FE1C /* AGScopeBar */ = {
			isa = PBXGroup;
			children = (
				4DD59585175B4CFF0020FE1C /* AGScopeBar.h */,
				4DD59586175B4CFF0020FE1C /* AGScopeBar.m */,
			);
			name = AGScopeBar;
			sourceTree = "<group>";
		};
/* End PBXGroup section */

/* Begin PBXNativeTarget section */
		4D4283A716EB5BBE0058BE42 /* KartinaX.TV */ = {
			isa = PBXNativeTarget;
			buildConfigurationList = 4D4283C816EB5BBF0058BE42 /* Build configuration list for PBXNativeTarget "KartinaX.TV" */;
			buildPhases = (
				4D4283A416EB5BBE0058BE42 /* Sources */,
				4D4283A516EB5BBE0058BE42 /* Frameworks */,
				4D4283A616EB5BBE0058BE42 /* Resources */,
				4D663FA5171C59A9008FB3AD /* CopyFiles */,
				5FC76990F89B4FFFA65BDC4E /* Copy Pods Resources */,
			);
			buildRules = (
			);
			dependencies = (
			);
			name = KartinaX.TV;
			productName = KartinaX.TV;
			productReference = 4D4283A816EB5BBE0058BE42 /* KartinaX.TV.app */;
			productType = "com.apple.product-type.application";
		};
/* End PBXNativeTarget section */

/* Begin PBXProject section */
		4D4283A016EB5BBE0058BE42 /* Project object */ = {
			isa = PBXProject;
			attributes = {
				LastUpgradeCheck = 0460;
				ORGANIZATIONNAME = "Maxim Kalina";
			};
			buildConfigurationList = 4D4283A316EB5BBE0058BE42 /* Build configuration list for PBXProject "KartinaX.TV" */;
			compatibilityVersion = "Xcode 3.2";
			developmentRegion = English;
			hasScannedForEncodings = 0;
			knownRegions = (
				en,
				ru,
			);
			mainGroup = 4D42839F16EB5BBE0058BE42;
			productRefGroup = 4D4283A916EB5BBE0058BE42 /* Products */;
			projectDirPath = "";
			projectRoot = "";
			targets = (
				4D4283A716EB5BBE0058BE42 /* KartinaX.TV */,
			);
		};
/* End PBXProject section */

/* Begin PBXResourcesBuildPhase section */
		4D4283A616EB5BBE0058BE42 /* Resources */ = {
			isa = PBXResourcesBuildPhase;
			buildActionMask = 2147483647;
			files = (
				4D4283B616EB5BBE0058BE42 /* InfoPlist.strings in Resources */,
				4D4283BC16EB5BBE0058BE42 /* Credits.rtf in Resources */,
				4D4283C216EB5BBE0058BE42 /* MainMenu.xib in Resources */,
				4DF54E29173FAC230076CE95 /* Localizable.strings in Resources */,
				4DBD078517355FD300CE96DD /* PlayerControlsController.xib in Resources */,
				4DF2405417525E050029241C /* KartinaPreferencesViewController.xib in Resources */,
				4DBF901D172B388F00F4214B /* todo.txt in Resources */,
				4DBF901F172BF05700F4214B /* App.iconset in Resources */,
				4DBD0771172DA51700CE96DD /* dsa_pub.pem in Resources */,
				4DBD077F17355FAE00CE96DD /* UpdatePreferencesViewController.xib in Resources */,
				4DBD0778172ED55B00CE96DD /* UpdateSettings.png in Resources */,
				4DF2404F174BE93D0029241C /* KartinaSettings.png in Resources */,
				4DF2405E17526C320029241C /* PlayerPlay.png in Resources */,
				4DF24060175279100029241C /* PlayerPause.png in Resources */,
				4DF2406217527A040029241C /* PlayerEPG.png in Resources */,
				4DF24066175285000029241C /* PlayerEPG@2x.png in Resources */,
				4DF24067175285000029241C /* PlayerPause@2x.png in Resources */,
				4DF24068175285000029241C /* PlayerPlay@2x.png in Resources */,
				4D71AD6F17553CF9009ADC34 /* EPGWindowController.xib in Resources */,
				4D9804231757A52B00165B4C /* EPGProgrammViewController.xib in Resources */,
				4DD5958A175E766F0020FE1C /* EPGVideothekViewController.xib in Resources */,
				4DD5956F175A59A00020FE1C /* ShowPreview.xib in Resources */,
				4DD59571175A645D0020FE1C /* TVShow.png in Resources */,
				4DD59573175A748D0020FE1C /* TVShowGreen.png in Resources */,
				4DD59575175A7A6D0020FE1C /* GlobalSettings.png in Resources */,
				4DD5957A175A7AD80020FE1C /* GlobalPreferencesViewController.xib in Resources */,
				4DD59589175BD5F70020FE1C /* VODItemDetails.xib in Resources */,
			);
			runOnlyForDeploymentPostprocessing = 0;
		};
/* End PBXResourcesBuildPhase section */

/* Begin PBXShellScriptBuildPhase section */
		5FC76990F89B4FFFA65BDC4E /* Copy Pods Resources */ = {
			isa = PBXShellScriptBuildPhase;
			buildActionMask = 2147483647;
			files = (
			);
			inputPaths = (
			);
			name = "Copy Pods Resources";
			outputPaths = (
			);
			runOnlyForDeploymentPostprocessing = 0;
			shellPath = /bin/sh;
			shellScript = "\"${SRCROOT}/Pods/Pods-resources.sh\"\n";
		};
/* End PBXShellScriptBuildPhase section */

/* Begin PBXSourcesBuildPhase section */
		4D4283A416EB5BBE0058BE42 /* Sources */ = {
			isa = PBXSourcesBuildPhase;
			buildActionMask = 2147483647;
			files = (
				4D4283B816EB5BBE0058BE42 /* main.m in Sources */,
				4D4283BF16EB5BBE0058BE42 /* AppDelegate.m in Sources */,
				4D4283C516EB5BBF0058BE42 /* KartinaX_TV.xcdatamodeld in Sources */,
				4D4283D916EB5D080058BE42 /* PlayerView.m in Sources */,
				4D4283E716EBF8FA0058BE42 /* Channel.m in Sources */,
				D9E959A416ACEB28DFA5AE1C /* Account.m in Sources */,
				D9EAE9AA47618CCCECF9D6E6 /* Login.m in Sources */,
				D9E0A477292D186A764FA139 /* ChannelGroup.m in Sources */,
				D9E519F92B01534A127996B6 /* ChannelList.m in Sources */,
				D9ECD15A471FB7618891A6DC /* RKKartinaRequest.m in Sources */,
				D9E2D5CD30246599E8568985 /* ChannelStream.m in Sources */,
				D9E898D06031E83BD11D6A05 /* Show.m in Sources */,
				D9E551FD52565FF409DC6C05 /* PlaybackItem.m in Sources */,
				D9E0D1080EE95E1381CB8D65 /* PlayerControlsView.m in Sources */,
				D9E072EC137FF1CCA9DB9924 /* EPGData.m in Sources */,
				D9E1308AD0526414151F91C6 /* VLCKitMoviePlayerController.m in Sources */,
				4D663FAC171C754F008FB3AD /* EPGDataItem.m in Sources */,
				D9EAEC4EDABDE4F90BA4E03F /* KartinaClient.m in Sources */,
				4D165BFD171F3B530046AE63 /* PlayerControlsController.m in Sources */,
				D9E311B762A7107D2FF1A2B1 /* Utils.m in Sources */,
				4D203954172ACF5D00F9D0C7 /* KartinaPreferencesViewController.m in Sources */,
				4DBD0775172ED2F300CE96DD /* UpdatePreferencesViewController.m in Sources */,
				D9E2BBE4BE24FEF922657BD1 /* KartinaSession.m in Sources */,
				D9EA4BDA78CBF6AE6A2350C2 /* Settings.m in Sources */,
				D9EDB998483A247CCEC71570 /* Logout.m in Sources */,
				D9E38A449AFFA276D4B69253 /* SetSetting.m in Sources */,
				4D71AD64175512EF009ADC34 /* EPGWindowController.m in Sources */,
				4D71AD6D17553B3E009ADC34 /* INAppStoreWindow.m in Sources */,
				4D71AD6E17553B3E009ADC34 /* INWindowButton.m in Sources */,
				4D98041C17578FC200165B4C /* EPGProgrammViewController.m in Sources */,
				4D9804211757900100165B4C /* EPGVideothekViewController.m in Sources */,
				4DD59579175A7AD80020FE1C /* GlobalPreferencesViewController.m in Sources */,
				D9E5D8FCBA430FFDB7E62D5A /* VODItem.m in Sources */,
				D9E1D0BD0B0F941FD4677975 /* VODList.m in Sources */,
				4DD59587175B4CFF0020FE1C /* AGScopeBar.m in Sources */,
				D9ED446118DED4BFE88F973C /* VODItemDetails.m in Sources */,
				D9ED1D35A590B20B6CEE56EE /* VODStream.m in Sources */,
				D9E0F2FC6456264F1A55E80B /* VODGenre.m in Sources */,
				D9EC5401E032992C6BDEE024 /* ScopeBarView.m in Sources */,
				D9ECFDBBE89421C346268702 /* AppSettings.m in Sources */,
			);
			runOnlyForDeploymentPostprocessing = 0;
		};
/* End PBXSourcesBuildPhase section */

/* Begin PBXVariantGroup section */
		4D4283B416EB5BBE0058BE42 /* InfoPlist.strings */ = {
			isa = PBXVariantGroup;
			children = (
				4D4283B516EB5BBE0058BE42 /* en */,
				4DBD077D17355F5A00CE96DD /* ru */,
			);
			name = InfoPlist.strings;
			sourceTree = "<group>";
		};
		4D4283BA16EB5BBE0058BE42 /* Credits.rtf */ = {
			isa = PBXVariantGroup;
			children = (
				4D4283BB16EB5BBE0058BE42 /* en */,
				4DBD077E17355F5A00CE96DD /* ru */,
			);
			name = Credits.rtf;
			sourceTree = "<group>";
		};
		4D4283C016EB5BBE0058BE42 /* MainMenu.xib */ = {
			isa = PBXVariantGroup;
			children = (
				4DBD077C17355F5A00CE96DD /* ru */,
			);
			name = MainMenu.xib;
			sourceTree = "<group>";
		};
		4D71AD7117553CF9009ADC34 /* EPGWindowController.xib */ = {
			isa = PBXVariantGroup;
			children = (
				4D71AD7017553CF9009ADC34 /* ru */,
			);
			name = EPGWindowController.xib;
			sourceTree = "<group>";
		};
		4D9804251757A52B00165B4C /* EPGProgrammViewController.xib */ = {
			isa = PBXVariantGroup;
			children = (
				4D9804241757A52B00165B4C /* ru */,
			);
			name = EPGProgrammViewController.xib;
			sourceTree = "<group>";
		};
		4DBD078117355FAE00CE96DD /* UpdatePreferencesViewController.xib */ = {
			isa = PBXVariantGroup;
			children = (
				4DBD078017355FAE00CE96DD /* ru */,
			);
			name = UpdatePreferencesViewController.xib;
			sourceTree = "<group>";
		};
		4DBD078717355FD300CE96DD /* PlayerControlsController.xib */ = {
			isa = PBXVariantGroup;
			children = (
				4DBD078617355FD300CE96DD /* ru */,
			);
			name = PlayerControlsController.xib;
			sourceTree = "<group>";
		};
		4DD5958C175E766F0020FE1C /* EPGVideothekViewController.xib */ = {
			isa = PBXVariantGroup;
			children = (
				4DD5958B175E766F0020FE1C /* ru */,
			);
			name = EPGVideothekViewController.xib;
			sourceTree = "<group>";
		};
		4DF2405617525E050029241C /* KartinaPreferencesViewController.xib */ = {
			isa = PBXVariantGroup;
			children = (
				4DF2405517525E050029241C /* ru */,
			);
			name = KartinaPreferencesViewController.xib;
			sourceTree = "<group>";
		};
		4DF54E2B173FAC240076CE95 /* Localizable.strings */ = {
			isa = PBXVariantGroup;
			children = (
				4DF54E2A173FAC240076CE95 /* ru */,
			);
			name = Localizable.strings;
			sourceTree = "<group>";
		};
/* End PBXVariantGroup section */

/* Begin XCBuildConfiguration section */
		4D4283C616EB5BBF0058BE42 /* Debug */ = {
			isa = XCBuildConfiguration;
			buildSettings = {
				ALWAYS_SEARCH_USER_PATHS = NO;
				ARCHS = "$(ARCHS_STANDARD_64_BIT)";
				CLANG_CXX_LANGUAGE_STANDARD = "gnu++0x";
				CLANG_CXX_LIBRARY = "libc++";
				CLANG_ENABLE_OBJC_ARC = YES;
				CLANG_WARN_CONSTANT_CONVERSION = YES;
				CLANG_WARN_EMPTY_BODY = YES;
				CLANG_WARN_ENUM_CONVERSION = YES;
				CLANG_WARN_INT_CONVERSION = YES;
				CLANG_WARN__DUPLICATE_METHOD_MATCH = YES;
				COPY_PHASE_STRIP = NO;
				GCC_C_LANGUAGE_STANDARD = gnu99;
				GCC_DYNAMIC_NO_PIC = NO;
				GCC_ENABLE_OBJC_EXCEPTIONS = YES;
				GCC_OPTIMIZATION_LEVEL = 0;
				GCC_PREPROCESSOR_DEFINITIONS = (
					"DEBUG=1",
					"$(inherited)",
				);
				GCC_SYMBOLS_PRIVATE_EXTERN = NO;
				GCC_WARN_64_TO_32_BIT_CONVERSION = YES;
				GCC_WARN_ABOUT_RETURN_TYPE = YES;
				GCC_WARN_UNINITIALIZED_AUTOS = YES;
				GCC_WARN_UNUSED_VARIABLE = YES;
				MACOSX_DEPLOYMENT_TARGET = 10.7;
				ONLY_ACTIVE_ARCH = YES;
				SDKROOT = macosx;
			};
			name = Debug;
		};
		4D4283C716EB5BBF0058BE42 /* Release */ = {
			isa = XCBuildConfiguration;
			buildSettings = {
				ALWAYS_SEARCH_USER_PATHS = NO;
				ARCHS = "$(ARCHS_STANDARD_64_BIT)";
				CLANG_CXX_LANGUAGE_STANDARD = "gnu++0x";
				CLANG_CXX_LIBRARY = "libc++";
				CLANG_ENABLE_OBJC_ARC = YES;
				CLANG_WARN_CONSTANT_CONVERSION = YES;
				CLANG_WARN_EMPTY_BODY = YES;
				CLANG_WARN_ENUM_CONVERSION = YES;
				CLANG_WARN_INT_CONVERSION = YES;
				CLANG_WARN__DUPLICATE_METHOD_MATCH = YES;
				COPY_PHASE_STRIP = YES;
				DEBUG_INFORMATION_FORMAT = "dwarf-with-dsym";
				GCC_C_LANGUAGE_STANDARD = gnu99;
				GCC_ENABLE_OBJC_EXCEPTIONS = YES;
				GCC_WARN_64_TO_32_BIT_CONVERSION = YES;
				GCC_WARN_ABOUT_RETURN_TYPE = YES;
				GCC_WARN_UNINITIALIZED_AUTOS = YES;
				GCC_WARN_UNUSED_VARIABLE = YES;
				MACOSX_DEPLOYMENT_TARGET = 10.7;
				SDKROOT = macosx;
			};
			name = Release;
		};
		4D4283C916EB5BBF0058BE42 /* Debug */ = {
			isa = XCBuildConfiguration;
			baseConfigurationReference = 006EFB36ED94460B8F074F55 /* Pods.xcconfig */;
			buildSettings = {
				COMBINE_HIDPI_IMAGES = YES;
				FRAMEWORK_SEARCH_PATHS = (
					"$(inherited)",
					"\"$(SRCROOT)\"",
				);
				GCC_PRECOMPILE_PREFIX_HEADER = YES;
				GCC_PREFIX_HEADER = "KartinaX.TV/KartinaX.TV-Prefix.pch";
				INFOPLIST_FILE = "KartinaX.TV/KartinaX.TV-Info.plist";
				MACOSX_DEPLOYMENT_TARGET = 10.7;
				PRODUCT_NAME = "$(TARGET_NAME)";
				USER_HEADER_SEARCH_PATHS = "\"${PROJECT_DIR}/Pods\"/**";
				WRAPPER_EXTENSION = app;
			};
			name = Debug;
		};
		4D4283CA16EB5BBF0058BE42 /* Release */ = {
			isa = XCBuildConfiguration;
			baseConfigurationReference = 006EFB36ED94460B8F074F55 /* Pods.xcconfig */;
			buildSettings = {
				COMBINE_HIDPI_IMAGES = YES;
				FRAMEWORK_SEARCH_PATHS = (
					"$(inherited)",
					"\"$(SRCROOT)\"",
				);
				GCC_PRECOMPILE_PREFIX_HEADER = YES;
				GCC_PREFIX_HEADER = "KartinaX.TV/KartinaX.TV-Prefix.pch";
				INFOPLIST_FILE = "KartinaX.TV/KartinaX.TV-Info.plist";
				MACOSX_DEPLOYMENT_TARGET = 10.7;
				PRODUCT_NAME = "$(TARGET_NAME)";
				USER_HEADER_SEARCH_PATHS = "\"${PROJECT_DIR}/Pods\"/**";
				WRAPPER_EXTENSION = app;
			};
			name = Release;
		};
/* End XCBuildConfiguration section */

/* Begin XCConfigurationList section */
		4D4283A316EB5BBE0058BE42 /* Build configuration list for PBXProject "KartinaX.TV" */ = {
			isa = XCConfigurationList;
			buildConfigurations = (
				4D4283C616EB5BBF0058BE42 /* Debug */,
				4D4283C716EB5BBF0058BE42 /* Release */,
			);
			defaultConfigurationIsVisible = 0;
			defaultConfigurationName = Release;
		};
		4D4283C816EB5BBF0058BE42 /* Build configuration list for PBXNativeTarget "KartinaX.TV" */ = {
			isa = XCConfigurationList;
			buildConfigurations = (
				4D4283C916EB5BBF0058BE42 /* Debug */,
				4D4283CA16EB5BBF0058BE42 /* Release */,
			);
			defaultConfigurationIsVisible = 0;
			defaultConfigurationName = Release;
		};
/* End XCConfigurationList section */

/* Begin XCVersionGroup section */
		4D4283C316EB5BBF0058BE42 /* KartinaX_TV.xcdatamodeld */ = {
			isa = XCVersionGroup;
			children = (
				4D4283C416EB5BBF0058BE42 /* KartinaX_TV.xcdatamodel */,
			);
			currentVersion = 4D4283C416EB5BBF0058BE42 /* KartinaX_TV.xcdatamodel */;
			path = KartinaX_TV.xcdatamodeld;
			sourceTree = "<group>";
			versionGroupType = wrapper.xcdatamodel;
		};
/* End XCVersionGroup section */
	};
	rootObject = 4D4283A016EB5BBE0058BE42 /* Project object */;
}
